PODS:
  - Alamofire (4.9.1)
  - DropDown (2.3.13)
  - DynamicBlurView (4.0.0)
  - KDCalendar (1.8.4):
    - KDCalendar/EventManager (= 1.8.4)
  - KDCalendar/EventManager (1.8.4)
  - Locksmith (4.0.0)
  - PopupDialog (1.1.1):
    - DynamicBlurView (~> 4.0)
  - SideMenu (6.4.7)
  - StepView (1.0.5)
  - SwiftyJSON (5.0.0)

DEPENDENCIES:
  - Alamofire
  - DropDown
  - KDCalendar
  - Locksmith
  - PopupDialog (~> 1.1)
  - SideMenu (~> 6.0)
  - StepView
  - SwiftyJSON

SPEC REPOS:
  trunk:
    - Alamofire
    - DropDown
    - DynamicBlurView
    - KDCalendar
    - Locksmith
    - PopupDialog
    - SideMenu
    - StepView
    - SwiftyJSON

SPEC CHECKSUMS:
  Alamofire: 85e8a02c69d6020a0d734f6054870d7ecb75cf18
  DropDown: 8a2116376c1981888557f72ec2ffc9a5e0e456ec
  DynamicBlurView: ccf9acd2b20c883cc2c72e3524a04d8d3ee20533
  KDCalendar: 861d7fee0c7b919b68d2af61675a532165adcf26
  Locksmith: e9bebbaaa4cee3c511bc358a44f843c3fe00e21f
  PopupDialog: 720c92befd8bc23c13442254945213db5612f149
  SideMenu: 928a015669c3afc201e1fe3a87f1b0bc8993a664
  StepView: e69413ca377b42c5777d446854bb036ff8e988fd
  SwiftyJSON: 36413e04c44ee145039d332b4f4e2d3e8d6c4db7

PODFILE CHECKSUM: 90cebc3f7e7b12de7f39cc0aea99dbb731e1e92f

COCOAPODS: 1.8.4
