PODS:
  - Alamofire (5.0.0)
  - DropDown (2.3.13)
  - DynamicBlurView (4.0.0)
  - KDCalendar (1.8.9):
    - KDCalendar/EventManager (= 1.8.9)
  - KDCalendar/EventManager (1.8.9)
  - KeyboardAvoidingView (5.0.0):
    - ViewState (>= 1.0.0)
  - Locksmith (4.0.0)
  - PopupDialog (1.1.1):
    - DynamicBlurView (~> 4.0)
  - SideMenuSwift (2.0.3)
  - StepView (1.0.5)
  - SwiftyJSON (5.0.0)
  - ViewState (1.0.0)

DEPENDENCIES:
  - Alamofire
  - DropDown
  - KDCalendar
  - KeyboardAvoidingView
  - Locksmith
  - PopupDialog
  - SideMenuSwift
  - StepView
  - SwiftyJSON

SPEC REPOS:
  trunk:
    - Alamofire
    - DropDown
    - DynamicBlurView
    - KDCalendar
    - KeyboardAvoidingView
    - Locksmith
    - PopupDialog
    - SideMenuSwift
    - StepView
    - SwiftyJSON
    - ViewState

SPEC CHECKSUMS:
  Alamofire: 58ff2bfb8daaacaa233d5c36e37b10a5248f59b1
  DropDown: 8a2116376c1981888557f72ec2ffc9a5e0e456ec
  DynamicBlurView: ccf9acd2b20c883cc2c72e3524a04d8d3ee20533
  KDCalendar: a587bc486b992d82ef94bd04001fce9baf45e518
  KeyboardAvoidingView: 93c4f709386c998b7b7f6b405a05c5c3585410a7
  Locksmith: e9bebbaaa4cee3c511bc358a44f843c3fe00e21f
  PopupDialog: 720c92befd8bc23c13442254945213db5612f149
  SideMenuSwift: 5c2b1496544ce3f1f08f4dddf4810eaac49f543d
  StepView: e69413ca377b42c5777d446854bb036ff8e988fd
  SwiftyJSON: 36413e04c44ee145039d332b4f4e2d3e8d6c4db7
  ViewState: 78aa77483e74e592c22e841619b853bc686843be

PODFILE CHECKSUM: 14a25a868304cc444994f5da441d11bde5588690

COCOAPODS: 1.8.4
